
Microsoft Visual Studio Solution File, Format Version 12.00
# Visual Studio 15
VisualStudioVersion = 15.0.28010.2036
MinimumVisualStudioVersion = 10.0.40219.1
Project("{FAE04EC0-301F-11D3-BF4B-00C04F79EFBC}") = "FormTestForAndroid", "FormTestForAndroid\FormTestForAndroid.csproj", "{9ACC0FD5-3F8F-495E-8D03-88713CE72312}"
EndProject
Global
	GlobalSection(SolutionConfigurationPlatforms) = preSolution
		Debug|Any CPU = Debug|Any CPU
		Release|Any CPU = Release|Any CPU
	EndGlobalSection
	GlobalSection(ProjectConfigurationPlatforms) = postSolution
		{9ACC0FD5-3F8F-495E-8D03-88713CE72312}.Debug|Any CPU.ActiveCfg = Debug|Any CPU
		{9ACC0FD5-3F8F-495E-8D03-88713CE72312}.Debug|Any CPU.Build.0 = Debug|Any CPU
		{9ACC0FD5-3F8F-495E-8D03-88713CE72312}.Release|Any CPU.ActiveCfg = Release|Any CPU
		{9ACC0FD5-3F8F-495E-8D03-88713CE72312}.Release|Any CPU.Build.0 = Release|Any CPU
	EndGlobalSection
	GlobalSection(SolutionProperties) = preSolution
		HideSolutionNode = FALSE
	EndGlobalSection
	GlobalSection(ExtensibilityGlobals) = postSolution
		SolutionGuid = {216384D5-117D-447C-A858-A7C5E30A101D}
	EndGlobalSection
EndGlobal
